// !$*UTF8*$!
{
	archiveVersion = 1;
	classes = {
	};
	objectVersion = 55;
	objects = {

/* Begin PBXBuildFile section */
		3A87AA9EC7F74D525D0A9985 /* Pods_MusicPlayerSample_ProgrammersTests.framework in Frameworks */ = {isa = PBXBuildFile; fileRef = 6D5C0FBF01B5842EA6C5B116 /* Pods_MusicPlayerSample_ProgrammersTests.framework */; };
		786F1B0985407657ACF76B69 /* Pods_MusicPlayerSample_Programmers.framework in Frameworks */ = {isa = PBXBuildFile; fileRef = C9A8BD37CE2B6F837EED43AD /* Pods_MusicPlayerSample_Programmers.framework */; };
		C6C96AE4D34F564947731335 /* Pods_MusicPlayerSample_Programmers_MusicPlayerSample_ProgrammersUITests.framework in Frameworks */ = {isa = PBXBuildFile; fileRef = 3A5DB01FEE3B6458BEE6221C /* Pods_MusicPlayerSample_Programmers_MusicPlayerSample_ProgrammersUITests.framework */; };
		E811F121287D429C0058856D /* ConvertDTOTests.swift in Sources */ = {isa = PBXBuildFile; fileRef = E811F120287D429C0058856D /* ConvertDTOTests.swift */; };
		E820B2D1286DAF4E0071F7AC /* SplashViewController.swift in Sources */ = {isa = PBXBuildFile; fileRef = E820B2D0286DAF4E0071F7AC /* SplashViewController.swift */; };
		E820B2D9286DB03E0071F7AC /* SplashCoordinator.swift in Sources */ = {isa = PBXBuildFile; fileRef = E820B2D8286DB03E0071F7AC /* SplashCoordinator.swift */; };
		E820B2DB286DB0520071F7AC /* AppCoordinator.swift in Sources */ = {isa = PBXBuildFile; fileRef = E820B2DA286DB0520071F7AC /* AppCoordinator.swift */; };
		E820B2DE286DB0780071F7AC /* Coordinator.swift in Sources */ = {isa = PBXBuildFile; fileRef = E820B2DD286DB0780071F7AC /* Coordinator.swift */; };
		E820B2E8286DF2650071F7AC /* MusicPlayerCoordinator.swift in Sources */ = {isa = PBXBuildFile; fileRef = E820B2E7286DF2650071F7AC /* MusicPlayerCoordinator.swift */; };
		E8523F942872C88D0018F653 /* Music.swift in Sources */ = {isa = PBXBuildFile; fileRef = E8523F932872C88D0018F653 /* Music.swift */; };
		E86111532871920E005A088B /* MusicRepository.swift in Sources */ = {isa = PBXBuildFile; fileRef = E86111522871920E005A088B /* MusicRepository.swift */; };
		E861115528719235005A088B /* DefaultMusicRepository.swift in Sources */ = {isa = PBXBuildFile; fileRef = E861115428719235005A088B /* DefaultMusicRepository.swift */; };
		E86DC4102877071C0016DCE4 /* LyricsTableViewController.swift in Sources */ = {isa = PBXBuildFile; fileRef = E86DC40F2877071C0016DCE4 /* LyricsTableViewController.swift */; };
		E86DC4132877092F0016DCE4 /* LyricsTableViewCell.swift in Sources */ = {isa = PBXBuildFile; fileRef = E86DC4122877092F0016DCE4 /* LyricsTableViewCell.swift */; };
		E87CB3E7286DAA3A0009311F /* AppDelegate.swift in Sources */ = {isa = PBXBuildFile; fileRef = E87CB3E6286DAA3A0009311F /* AppDelegate.swift */; };
		E87CB3E9286DAA3A0009311F /* SceneDelegate.swift in Sources */ = {isa = PBXBuildFile; fileRef = E87CB3E8286DAA3A0009311F /* SceneDelegate.swift */; };
		E87CB3EB286DAA3A0009311F /* MusicPlayerViewController.swift in Sources */ = {isa = PBXBuildFile; fileRef = E87CB3EA286DAA3A0009311F /* MusicPlayerViewController.swift */; };
		E87CB3F0286DAA3C0009311F /* Assets.xcassets in Resources */ = {isa = PBXBuildFile; fileRef = E87CB3EF286DAA3C0009311F /* Assets.xcassets */; };
		E87CB408286DAA3C0009311F /* MusicPlayerSample_ProgrammersUITests.swift in Sources */ = {isa = PBXBuildFile; fileRef = E87CB407286DAA3C0009311F /* MusicPlayerSample_ProgrammersUITests.swift */; };
		E87CB40A286DAA3C0009311F /* MusicPlayerSample_ProgrammersUITestsLaunchTests.swift in Sources */ = {isa = PBXBuildFile; fileRef = E87CB409286DAA3C0009311F /* MusicPlayerSample_ProgrammersUITestsLaunchTests.swift */; };
		E87EE500287C34B5000120B5 /* NetworkService.swift in Sources */ = {isa = PBXBuildFile; fileRef = E87EE4FF287C34B5000120B5 /* NetworkService.swift */; };
		E87EE502287C3951000120B5 /* MusicResponseDTO.swift in Sources */ = {isa = PBXBuildFile; fileRef = E87EE501287C3951000120B5 /* MusicResponseDTO.swift */; };
		E8FB3B4B287031AE002F195D /* MusicPlayerViewModel.swift in Sources */ = {isa = PBXBuildFile; fileRef = E8FB3B4A287031AE002F195D /* MusicPlayerViewModel.swift */; };
		E8FB3B4E28707E8A002F195D /* SplashViewModel.swift in Sources */ = {isa = PBXBuildFile; fileRef = E8FB3B4D28707E8A002F195D /* SplashViewModel.swift */; };
/* End PBXBuildFile section */

/* Begin PBXContainerItemProxy section */
		E87CB3FA286DAA3C0009311F /* PBXContainerItemProxy */ = {
			isa = PBXContainerItemProxy;
			containerPortal = E87CB3DB286DAA3A0009311F /* Project object */;
			proxyType = 1;
			remoteGlobalIDString = E87CB3E2286DAA3A0009311F;
			remoteInfo = "MusicPlayerSample-Programmers";
		};
		E87CB404286DAA3C0009311F /* PBXContainerItemProxy */ = {
			isa = PBXContainerItemProxy;
			containerPortal = E87CB3DB286DAA3A0009311F /* Project object */;
			proxyType = 1;
			remoteGlobalIDString = E87CB3E2286DAA3A0009311F;
			remoteInfo = "MusicPlayerSample-Programmers";
		};
/* End PBXContainerItemProxy section */

/* Begin PBXFileReference section */
		10E886E2F18CFE439F5A0A46 /* Pods-MusicPlayerSample-Programmers.release.xcconfig */ = {isa = PBXFileReference; includeInIndex = 1; lastKnownFileType = text.xcconfig; name = "Pods-MusicPlayerSample-Programmers.release.xcconfig"; path = "Target Support Files/Pods-MusicPlayerSample-Programmers/Pods-MusicPlayerSample-Programmers.release.xcconfig"; sourceTree = "<group>"; };
		3A5DB01FEE3B6458BEE6221C /* Pods_MusicPlayerSample_Programmers_MusicPlayerSample_ProgrammersUITests.framework */ = {isa = PBXFileReference; explicitFileType = wrapper.framework; includeInIndex = 0; path = Pods_MusicPlayerSample_Programmers_MusicPlayerSample_ProgrammersUITests.framework; sourceTree = BUILT_PRODUCTS_DIR; };
		430F78C91CC8FA245E3E763E /* Pods-MusicPlayerSample-Programmers-MusicPlayerSample-ProgrammersUITests.release.xcconfig */ = {isa = PBXFileReference; includeInIndex = 1; lastKnownFileType = text.xcconfig; name = "Pods-MusicPlayerSample-Programmers-MusicPlayerSample-ProgrammersUITests.release.xcconfig"; path = "Target Support Files/Pods-MusicPlayerSample-Programmers-MusicPlayerSample-ProgrammersUITests/Pods-MusicPlayerSample-Programmers-MusicPlayerSample-ProgrammersUITests.release.xcconfig"; sourceTree = "<group>"; };
		57712CDB94A3123BEB9F87EB /* Pods-MusicPlayerSample-ProgrammersTests.release.xcconfig */ = {isa = PBXFileReference; includeInIndex = 1; lastKnownFileType = text.xcconfig; name = "Pods-MusicPlayerSample-ProgrammersTests.release.xcconfig"; path = "Target Support Files/Pods-MusicPlayerSample-ProgrammersTests/Pods-MusicPlayerSample-ProgrammersTests.release.xcconfig"; sourceTree = "<group>"; };
		5795067EB462D710D843502D /* Pods-MusicPlayerSample-Programmers-MusicPlayerSample-ProgrammersUITests.debug.xcconfig */ = {isa = PBXFileReference; includeInIndex = 1; lastKnownFileType = text.xcconfig; name = "Pods-MusicPlayerSample-Programmers-MusicPlayerSample-ProgrammersUITests.debug.xcconfig"; path = "Target Support Files/Pods-MusicPlayerSample-Programmers-MusicPlayerSample-ProgrammersUITests/Pods-MusicPlayerSample-Programmers-MusicPlayerSample-ProgrammersUITests.debug.xcconfig"; sourceTree = "<group>"; };
		6D5C0FBF01B5842EA6C5B116 /* Pods_MusicPlayerSample_ProgrammersTests.framework */ = {isa = PBXFileReference; explicitFileType = wrapper.framework; includeInIndex = 0; path = Pods_MusicPlayerSample_ProgrammersTests.framework; sourceTree = BUILT_PRODUCTS_DIR; };
		89127DEE93EB86826EEDD4AD /* Pods-MusicPlayerSample-Programmers.debug.xcconfig */ = {isa = PBXFileReference; includeInIndex = 1; lastKnownFileType = text.xcconfig; name = "Pods-MusicPlayerSample-Programmers.debug.xcconfig"; path = "Target Support Files/Pods-MusicPlayerSample-Programmers/Pods-MusicPlayerSample-Programmers.debug.xcconfig"; sourceTree = "<group>"; };
		C9A8BD37CE2B6F837EED43AD /* Pods_MusicPlayerSample_Programmers.framework */ = {isa = PBXFileReference; explicitFileType = wrapper.framework; includeInIndex = 0; path = Pods_MusicPlayerSample_Programmers.framework; sourceTree = BUILT_PRODUCTS_DIR; };
		E811F120287D429C0058856D /* ConvertDTOTests.swift */ = {isa = PBXFileReference; lastKnownFileType = sourcecode.swift; path = ConvertDTOTests.swift; sourceTree = "<group>"; };
		E820B2D0286DAF4E0071F7AC /* SplashViewController.swift */ = {isa = PBXFileReference; lastKnownFileType = sourcecode.swift; path = SplashViewController.swift; sourceTree = "<group>"; };
		E820B2D8286DB03E0071F7AC /* SplashCoordinator.swift */ = {isa = PBXFileReference; lastKnownFileType = sourcecode.swift; path = SplashCoordinator.swift; sourceTree = "<group>"; };
		E820B2DA286DB0520071F7AC /* AppCoordinator.swift */ = {isa = PBXFileReference; lastKnownFileType = sourcecode.swift; path = AppCoordinator.swift; sourceTree = "<group>"; };
		E820B2DD286DB0780071F7AC /* Coordinator.swift */ = {isa = PBXFileReference; lastKnownFileType = sourcecode.swift; path = Coordinator.swift; sourceTree = "<group>"; };
		E820B2E7286DF2650071F7AC /* MusicPlayerCoordinator.swift */ = {isa = PBXFileReference; lastKnownFileType = sourcecode.swift; path = MusicPlayerCoordinator.swift; sourceTree = "<group>"; };
		E8523F932872C88D0018F653 /* Music.swift */ = {isa = PBXFileReference; lastKnownFileType = sourcecode.swift; path = Music.swift; sourceTree = "<group>"; };
		E86111522871920E005A088B /* MusicRepository.swift */ = {isa = PBXFileReference; lastKnownFileType = sourcecode.swift; path = MusicRepository.swift; sourceTree = "<group>"; };
		E861115428719235005A088B /* DefaultMusicRepository.swift */ = {isa = PBXFileReference; lastKnownFileType = sourcecode.swift; path = DefaultMusicRepository.swift; sourceTree = "<group>"; };
		E86DC40F2877071C0016DCE4 /* LyricsTableViewController.swift */ = {isa = PBXFileReference; lastKnownFileType = sourcecode.swift; path = LyricsTableViewController.swift; sourceTree = "<group>"; };
		E86DC4122877092F0016DCE4 /* LyricsTableViewCell.swift */ = {isa = PBXFileReference; lastKnownFileType = sourcecode.swift; path = LyricsTableViewCell.swift; sourceTree = "<group>"; };
		E87CB3E3286DAA3A0009311F /* MusicPlayerSample-Programmers.app */ = {isa = PBXFileReference; explicitFileType = wrapper.application; includeInIndex = 0; path = "MusicPlayerSample-Programmers.app"; sourceTree = BUILT_PRODUCTS_DIR; };
		E87CB3E6286DAA3A0009311F /* AppDelegate.swift */ = {isa = PBXFileReference; lastKnownFileType = sourcecode.swift; path = AppDelegate.swift; sourceTree = "<group>"; };
		E87CB3E8286DAA3A0009311F /* SceneDelegate.swift */ = {isa = PBXFileReference; lastKnownFileType = sourcecode.swift; path = SceneDelegate.swift; sourceTree = "<group>"; };
		E87CB3EA286DAA3A0009311F /* MusicPlayerViewController.swift */ = {isa = PBXFileReference; lastKnownFileType = sourcecode.swift; path = MusicPlayerViewController.swift; sourceTree = "<group>"; };
		E87CB3EF286DAA3C0009311F /* Assets.xcassets */ = {isa = PBXFileReference; lastKnownFileType = folder.assetcatalog; path = Assets.xcassets; sourceTree = "<group>"; };
		E87CB3F4286DAA3C0009311F /* Info.plist */ = {isa = PBXFileReference; lastKnownFileType = text.plist.xml; name = Info.plist; path = "MusicPlayerSample-Programmers/Resources/Info.plist"; sourceTree = SOURCE_ROOT; };
		E87CB3F9286DAA3C0009311F /* MusicPlayerSample-ProgrammersTests.xctest */ = {isa = PBXFileReference; explicitFileType = wrapper.cfbundle; includeInIndex = 0; path = "MusicPlayerSample-ProgrammersTests.xctest"; sourceTree = BUILT_PRODUCTS_DIR; };
		E87CB403286DAA3C0009311F /* MusicPlayerSample-ProgrammersUITests.xctest */ = {isa = PBXFileReference; explicitFileType = wrapper.cfbundle; includeInIndex = 0; path = "MusicPlayerSample-ProgrammersUITests.xctest"; sourceTree = BUILT_PRODUCTS_DIR; };
		E87CB407286DAA3C0009311F /* MusicPlayerSample_ProgrammersUITests.swift */ = {isa = PBXFileReference; lastKnownFileType = sourcecode.swift; path = MusicPlayerSample_ProgrammersUITests.swift; sourceTree = "<group>"; };
		E87CB409286DAA3C0009311F /* MusicPlayerSample_ProgrammersUITestsLaunchTests.swift */ = {isa = PBXFileReference; lastKnownFileType = sourcecode.swift; path = MusicPlayerSample_ProgrammersUITestsLaunchTests.swift; sourceTree = "<group>"; };
		E87EE4FF287C34B5000120B5 /* NetworkService.swift */ = {isa = PBXFileReference; lastKnownFileType = sourcecode.swift; path = NetworkService.swift; sourceTree = "<group>"; };
		E87EE501287C3951000120B5 /* MusicResponseDTO.swift */ = {isa = PBXFileReference; lastKnownFileType = sourcecode.swift; path = MusicResponseDTO.swift; sourceTree = "<group>"; };
		E8FB3B4A287031AE002F195D /* MusicPlayerViewModel.swift */ = {isa = PBXFileReference; lastKnownFileType = sourcecode.swift; path = MusicPlayerViewModel.swift; sourceTree = "<group>"; };
		E8FB3B4D28707E8A002F195D /* SplashViewModel.swift */ = {isa = PBXFileReference; lastKnownFileType = sourcecode.swift; path = SplashViewModel.swift; sourceTree = "<group>"; };
		EAC817E796BD927E5D446251 /* Pods-MusicPlayerSample-ProgrammersTests.debug.xcconfig */ = {isa = PBXFileReference; includeInIndex = 1; lastKnownFileType = text.xcconfig; name = "Pods-MusicPlayerSample-ProgrammersTests.debug.xcconfig"; path = "Target Support Files/Pods-MusicPlayerSample-ProgrammersTests/Pods-MusicPlayerSample-ProgrammersTests.debug.xcconfig"; sourceTree = "<group>"; };
/* End PBXFileReference section */

/* Begin PBXFrameworksBuildPhase section */
		E87CB3E0286DAA3A0009311F /* Frameworks */ = {
			isa = PBXFrameworksBuildPhase;
			buildActionMask = 2147483647;
			files = (
				786F1B0985407657ACF76B69 /* Pods_MusicPlayerSample_Programmers.framework in Frameworks */,
			);
			runOnlyForDeploymentPostprocessing = 0;
		};
		E87CB3F6286DAA3C0009311F /* Frameworks */ = {
			isa = PBXFrameworksBuildPhase;
			buildActionMask = 2147483647;
			files = (
				3A87AA9EC7F74D525D0A9985 /* Pods_MusicPlayerSample_ProgrammersTests.framework in Frameworks */,
			);
			runOnlyForDeploymentPostprocessing = 0;
		};
		E87CB400286DAA3C0009311F /* Frameworks */ = {
			isa = PBXFrameworksBuildPhase;
			buildActionMask = 2147483647;
			files = (
				C6C96AE4D34F564947731335 /* Pods_MusicPlayerSample_Programmers_MusicPlayerSample_ProgrammersUITests.framework in Frameworks */,
			);
			runOnlyForDeploymentPostprocessing = 0;
		};
/* End PBXFrameworksBuildPhase section */

/* Begin PBXGroup section */
		1A3FA18DFEF7464BA6BEB7FE /* Pods */ = {
			isa = PBXGroup;
			children = (
				89127DEE93EB86826EEDD4AD /* Pods-MusicPlayerSample-Programmers.debug.xcconfig */,
				10E886E2F18CFE439F5A0A46 /* Pods-MusicPlayerSample-Programmers.release.xcconfig */,
				5795067EB462D710D843502D /* Pods-MusicPlayerSample-Programmers-MusicPlayerSample-ProgrammersUITests.debug.xcconfig */,
				430F78C91CC8FA245E3E763E /* Pods-MusicPlayerSample-Programmers-MusicPlayerSample-ProgrammersUITests.release.xcconfig */,
				EAC817E796BD927E5D446251 /* Pods-MusicPlayerSample-ProgrammersTests.debug.xcconfig */,
				57712CDB94A3123BEB9F87EB /* Pods-MusicPlayerSample-ProgrammersTests.release.xcconfig */,
			);
			path = Pods;
			sourceTree = "<group>";
		};
		897345548D6944F5D56C4E39 /* Frameworks */ = {
			isa = PBXGroup;
			children = (
				C9A8BD37CE2B6F837EED43AD /* Pods_MusicPlayerSample_Programmers.framework */,
				3A5DB01FEE3B6458BEE6221C /* Pods_MusicPlayerSample_Programmers_MusicPlayerSample_ProgrammersUITests.framework */,
				6D5C0FBF01B5842EA6C5B116 /* Pods_MusicPlayerSample_ProgrammersTests.framework */,
			);
			name = Frameworks;
			sourceTree = "<group>";
		};
		E820B2CE286DAF010071F7AC /* MusicPlayerScene */ = {
			isa = PBXGroup;
			children = (
				E820B2E6286DF24D0071F7AC /* Coordinator */,
				E820B2E5286DF2460071F7AC /* ViewController */,
				E8FB3B49287031A0002F195D /* ViewModel */,
			);
			path = MusicPlayerScene;
			sourceTree = "<group>";
		};
		E820B2CF286DAF0A0071F7AC /* SplashScene */ = {
			isa = PBXGroup;
			children = (
				E820B2D7286DB0280071F7AC /* Coordinator */,
				E820B2D2286DAF730071F7AC /* ViewController */,
				E8FB3B4C28707E7D002F195D /* ViewModel */,
			);
			path = SplashScene;
			sourceTree = "<group>";
		};
		E820B2D2286DAF730071F7AC /* ViewController */ = {
			isa = PBXGroup;
			children = (
				E820B2D0286DAF4E0071F7AC /* SplashViewController.swift */,
			);
			path = ViewController;
			sourceTree = "<group>";
		};
		E820B2D7286DB0280071F7AC /* Coordinator */ = {
			isa = PBXGroup;
			children = (
				E820B2D8286DB03E0071F7AC /* SplashCoordinator.swift */,
			);
			path = Coordinator;
			sourceTree = "<group>";
		};
		E820B2DC286DB06A0071F7AC /* Utils */ = {
			isa = PBXGroup;
			children = (
				E820B2DD286DB0780071F7AC /* Coordinator.swift */,
			);
			path = Utils;
			sourceTree = "<group>";
		};
		E820B2DF286DBF280071F7AC /* Common */ = {
			isa = PBXGroup;
			children = (
				E820B2DA286DB0520071F7AC /* AppCoordinator.swift */,
			);
			path = Common;
			sourceTree = "<group>";
		};
		E820B2E5286DF2460071F7AC /* ViewController */ = {
			isa = PBXGroup;
			children = (
				E87CB3EA286DAA3A0009311F /* MusicPlayerViewController.swift */,
				E86DC40F2877071C0016DCE4 /* LyricsTableViewController.swift */,
				E86DC411287709190016DCE4 /* Cell */,
			);
			path = ViewController;
			sourceTree = "<group>";
		};
		E820B2E6286DF24D0071F7AC /* Coordinator */ = {
			isa = PBXGroup;
			children = (
				E820B2E7286DF2650071F7AC /* MusicPlayerCoordinator.swift */,
			);
			path = Coordinator;
			sourceTree = "<group>";
		};
		E8523F922872C87D0018F653 /* Entities */ = {
			isa = PBXGroup;
			children = (
				E8523F932872C88D0018F653 /* Music.swift */,
			);
			path = Entities;
			sourceTree = "<group>";
		};
		E861114D2871909D005A088B /* Data */ = {
			isa = PBXGroup;
			children = (
				E8611151287191E1005A088B /* Repositories */,
			);
			path = Data;
			sourceTree = "<group>";
		};
		E861114E287190A5005A088B /* Domain */ = {
			isa = PBXGroup;
			children = (
				E8523F922872C87D0018F653 /* Entities */,
				E86111502871917E005A088B /* Interfaces */,
			);
			path = Domain;
			sourceTree = "<group>";
		};
		E861114F28719158005A088B /* Repositories */ = {
			isa = PBXGroup;
			children = (
				E86111522871920E005A088B /* MusicRepository.swift */,
			);
			path = Repositories;
			sourceTree = "<group>";
		};
		E86111502871917E005A088B /* Interfaces */ = {
			isa = PBXGroup;
			children = (
				E861114F28719158005A088B /* Repositories */,
			);
			path = Interfaces;
			sourceTree = "<group>";
		};
		E8611151287191E1005A088B /* Repositories */ = {
			isa = PBXGroup;
			children = (
				E861115428719235005A088B /* DefaultMusicRepository.swift */,
			);
			path = Repositories;
			sourceTree = "<group>";
		};
		E86DC411287709190016DCE4 /* Cell */ = {
			isa = PBXGroup;
			children = (
				E86DC4122877092F0016DCE4 /* LyricsTableViewCell.swift */,
			);
			path = Cell;
			sourceTree = "<group>";
		};
		E87CB3DA286DAA3A0009311F = {
			isa = PBXGroup;
			children = (
				E87CB3E5286DAA3A0009311F /* MusicPlayerSample-Programmers */,
				E87CB3FC286DAA3C0009311F /* MusicPlayerSample-ProgrammersTests */,
				E87CB406286DAA3C0009311F /* MusicPlayerSample-ProgrammersUITests */,
				E87CB3E4286DAA3A0009311F /* Products */,
				1A3FA18DFEF7464BA6BEB7FE /* Pods */,
				897345548D6944F5D56C4E39 /* Frameworks */,
			);
			sourceTree = "<group>";
		};
		E87CB3E4286DAA3A0009311F /* Products */ = {
			isa = PBXGroup;
			children = (
				E87CB3E3286DAA3A0009311F /* MusicPlayerSample-Programmers.app */,
				E87CB3F9286DAA3C0009311F /* MusicPlayerSample-ProgrammersTests.xctest */,
				E87CB403286DAA3C0009311F /* MusicPlayerSample-ProgrammersUITests.xctest */,
			);
			name = Products;
			sourceTree = "<group>";
		};
		E87CB3E5286DAA3A0009311F /* MusicPlayerSample-Programmers */ = {
			isa = PBXGroup;
			children = (
				E87CB417286DAA540009311F /* Application */,
				E861114D2871909D005A088B /* Data */,
				E861114E287190A5005A088B /* Domain */,
				E87EE4FE287C344A000120B5 /* Infrastructure */,
				E87CB416286DAA520009311F /* Presentation */,
				E87CB418286DAA620009311F /* Resources */,
			);
			path = "MusicPlayerSample-Programmers";
			sourceTree = "<group>";
		};
		E87CB3FC286DAA3C0009311F /* MusicPlayerSample-ProgrammersTests */ = {
			isa = PBXGroup;
			children = (
				E811F120287D429C0058856D /* ConvertDTOTests.swift */,
			);
			path = "MusicPlayerSample-ProgrammersTests";
			sourceTree = "<group>";
		};
		E87CB406286DAA3C0009311F /* MusicPlayerSample-ProgrammersUITests */ = {
			isa = PBXGroup;
			children = (
				E87CB407286DAA3C0009311F /* MusicPlayerSample_ProgrammersUITests.swift */,
				E87CB409286DAA3C0009311F /* MusicPlayerSample_ProgrammersUITestsLaunchTests.swift */,
			);
			path = "MusicPlayerSample-ProgrammersUITests";
			sourceTree = "<group>";
		};
		E87CB416286DAA520009311F /* Presentation */ = {
			isa = PBXGroup;
			children = (
				E820B2DF286DBF280071F7AC /* Common */,
				E820B2CE286DAF010071F7AC /* MusicPlayerScene */,
				E820B2CF286DAF0A0071F7AC /* SplashScene */,
				E820B2DC286DB06A0071F7AC /* Utils */,
			);
			path = Presentation;
			sourceTree = "<group>";
		};
		E87CB417286DAA540009311F /* Application */ = {
			isa = PBXGroup;
			children = (
				E87CB3E6286DAA3A0009311F /* AppDelegate.swift */,
				E87CB3E8286DAA3A0009311F /* SceneDelegate.swift */,
			);
			path = Application;
			sourceTree = "<group>";
		};
		E87CB418286DAA620009311F /* Resources */ = {
			isa = PBXGroup;
			children = (
				E87CB3EF286DAA3C0009311F /* Assets.xcassets */,
				E87CB3F4286DAA3C0009311F /* Info.plist */,
			);
			path = Resources;
			sourceTree = "<group>";
		};
		E87EE4FE287C344A000120B5 /* Infrastructure */ = {
			isa = PBXGroup;
			children = (
				E87EE4FF287C34B5000120B5 /* NetworkService.swift */,
				E87EE503287C4386000120B5 /* DTO */,
			);
			path = Infrastructure;
			sourceTree = "<group>";
		};
		E87EE503287C4386000120B5 /* DTO */ = {
			isa = PBXGroup;
			children = (
				E87EE501287C3951000120B5 /* MusicResponseDTO.swift */,
			);
			path = DTO;
			sourceTree = "<group>";
		};
		E8FB3B49287031A0002F195D /* ViewModel */ = {
			isa = PBXGroup;
			children = (
				E8FB3B4A287031AE002F195D /* MusicPlayerViewModel.swift */,
			);
			path = ViewModel;
			sourceTree = "<group>";
		};
		E8FB3B4C28707E7D002F195D /* ViewModel */ = {
			isa = PBXGroup;
			children = (
				E8FB3B4D28707E8A002F195D /* SplashViewModel.swift */,
			);
			path = ViewModel;
			sourceTree = "<group>";
		};
/* End PBXGroup section */

/* Begin PBXNativeTarget section */
		E87CB3E2286DAA3A0009311F /* MusicPlayerSample-Programmers */ = {
			isa = PBXNativeTarget;
			buildConfigurationList = E87CB40D286DAA3C0009311F /* Build configuration list for PBXNativeTarget "MusicPlayerSample-Programmers" */;
			buildPhases = (
				F9CE131E85AFBA5CA9D6686D /* [CP] Check Pods Manifest.lock */,
				E87CB3DF286DAA3A0009311F /* Sources */,
				E87CB3E0286DAA3A0009311F /* Frameworks */,
				E87CB3E1286DAA3A0009311F /* Resources */,
				5FF8E270882D60486D27D803 /* [CP] Embed Pods Frameworks */,
			);
			buildRules = (
			);
			dependencies = (
			);
			name = "MusicPlayerSample-Programmers";
			productName = "MusicPlayerSample-Programmers";
			productReference = E87CB3E3286DAA3A0009311F /* MusicPlayerSample-Programmers.app */;
			productType = "com.apple.product-type.application";
		};
		E87CB3F8286DAA3C0009311F /* MusicPlayerSample-ProgrammersTests */ = {
			isa = PBXNativeTarget;
			buildConfigurationList = E87CB410286DAA3C0009311F /* Build configuration list for PBXNativeTarget "MusicPlayerSample-ProgrammersTests" */;
			buildPhases = (
				3C8B30F2F7D300EA10CC2062 /* [CP] Check Pods Manifest.lock */,
				E87CB3F5286DAA3C0009311F /* Sources */,
				E87CB3F6286DAA3C0009311F /* Frameworks */,
				E87CB3F7286DAA3C0009311F /* Resources */,
			);
			buildRules = (
			);
			dependencies = (
				E87CB3FB286DAA3C0009311F /* PBXTargetDependency */,
			);
			name = "MusicPlayerSample-ProgrammersTests";
			productName = "MusicPlayerSample-ProgrammersTests";
			productReference = E87CB3F9286DAA3C0009311F /* MusicPlayerSample-ProgrammersTests.xctest */;
			productType = "com.apple.product-type.bundle.unit-test";
		};
		E87CB402286DAA3C0009311F /* MusicPlayerSample-ProgrammersUITests */ = {
			isa = PBXNativeTarget;
			buildConfigurationList = E87CB413286DAA3C0009311F /* Build configuration list for PBXNativeTarget "MusicPlayerSample-ProgrammersUITests" */;
			buildPhases = (
				32469EE0E860B1BE60D09EA3 /* [CP] Check Pods Manifest.lock */,
				E87CB3FF286DAA3C0009311F /* Sources */,
				E87CB400286DAA3C0009311F /* Frameworks */,
				E87CB401286DAA3C0009311F /* Resources */,
				F0EDCE70DF3B61E2F2ADB718 /* [CP] Embed Pods Frameworks */,
			);
			buildRules = (
			);
			dependencies = (
				E87CB405286DAA3C0009311F /* PBXTargetDependency */,
			);
			name = "MusicPlayerSample-ProgrammersUITests";
			productName = "MusicPlayerSample-ProgrammersUITests";
			productReference = E87CB403286DAA3C0009311F /* MusicPlayerSample-ProgrammersUITests.xctest */;
			productType = "com.apple.product-type.bundle.ui-testing";
		};
/* End PBXNativeTarget section */

/* Begin PBXProject section */
		E87CB3DB286DAA3A0009311F /* Project object */ = {
			isa = PBXProject;
			attributes = {
				BuildIndependentTargetsInParallel = 1;
				LastSwiftUpdateCheck = 1330;
				LastUpgradeCheck = 1330;
				TargetAttributes = {
					E87CB3E2286DAA3A0009311F = {
						CreatedOnToolsVersion = 13.3.1;
					};
					E87CB3F8286DAA3C0009311F = {
						CreatedOnToolsVersion = 13.3.1;
						TestTargetID = E87CB3E2286DAA3A0009311F;
					};
					E87CB402286DAA3C0009311F = {
						CreatedOnToolsVersion = 13.3.1;
						TestTargetID = E87CB3E2286DAA3A0009311F;
					};
				};
			};
			buildConfigurationList = E87CB3DE286DAA3A0009311F /* Build configuration list for PBXProject "MusicPlayerSample-Programmers" */;
			compatibilityVersion = "Xcode 13.0";
			developmentRegion = en;
			hasScannedForEncodings = 0;
			knownRegions = (
				en,
				Base,
			);
			mainGroup = E87CB3DA286DAA3A0009311F;
			productRefGroup = E87CB3E4286DAA3A0009311F /* Products */;
			projectDirPath = "";
			projectRoot = "";
			targets = (
				E87CB3E2286DAA3A0009311F /* MusicPlayerSample-Programmers */,
				E87CB3F8286DAA3C0009311F /* MusicPlayerSample-ProgrammersTests */,
				E87CB402286DAA3C0009311F /* MusicPlayerSample-ProgrammersUITests */,
			);
		};
/* End PBXProject section */

/* Begin PBXResourcesBuildPhase section */
		E87CB3E1286DAA3A0009311F /* Resources */ = {
			isa = PBXResourcesBuildPhase;
			buildActionMask = 2147483647;
			files = (
				E87CB3F0286DAA3C0009311F /* Assets.xcassets in Resources */,
			);
			runOnlyForDeploymentPostprocessing = 0;
		};
		E87CB3F7286DAA3C0009311F /* Resources */ = {
			isa = PBXResourcesBuildPhase;
			buildActionMask = 2147483647;
			files = (
			);
			runOnlyForDeploymentPostprocessing = 0;
		};
		E87CB401286DAA3C0009311F /* Resources */ = {
			isa = PBXResourcesBuildPhase;
			buildActionMask = 2147483647;
			files = (
			);
			runOnlyForDeploymentPostprocessing = 0;
		};
/* End PBXResourcesBuildPhase section */

/* Begin PBXShellScriptBuildPhase section */
		32469EE0E860B1BE60D09EA3 /* [CP] Check Pods Manifest.lock */ = {
			isa = PBXShellScriptBuildPhase;
			buildActionMask = 2147483647;
			files = (
			);
			inputFileListPaths = (
			);
			inputPaths = (
				"${PODS_PODFILE_DIR_PATH}/Podfile.lock",
				"${PODS_ROOT}/Manifest.lock",
			);
			name = "[CP] Check Pods Manifest.lock";
			outputFileListPaths = (
			);
			outputPaths = (
				"$(DERIVED_FILE_DIR)/Pods-MusicPlayerSample-Programmers-MusicPlayerSample-ProgrammersUITests-checkManifestLockResult.txt",
			);
			runOnlyForDeploymentPostprocessing = 0;
			shellPath = /bin/sh;
			shellScript = "diff \"${PODS_PODFILE_DIR_PATH}/Podfile.lock\" \"${PODS_ROOT}/Manifest.lock\" > /dev/null\nif [ $? != 0 ] ; then\n    # print error to STDERR\n    echo \"error: The sandbox is not in sync with the Podfile.lock. Run 'pod install' or update your CocoaPods installation.\" >&2\n    exit 1\nfi\n# This output is used by Xcode 'outputs' to avoid re-running this script phase.\necho \"SUCCESS\" > \"${SCRIPT_OUTPUT_FILE_0}\"\n";
			showEnvVarsInLog = 0;
		};
		3C8B30F2F7D300EA10CC2062 /* [CP] Check Pods Manifest.lock */ = {
			isa = PBXShellScriptBuildPhase;
			buildActionMask = 2147483647;
			files = (
			);
			inputFileListPaths = (
			);
			inputPaths = (
				"${PODS_PODFILE_DIR_PATH}/Podfile.lock",
				"${PODS_ROOT}/Manifest.lock",
			);
			name = "[CP] Check Pods Manifest.lock";
			outputFileListPaths = (
			);
			outputPaths = (
				"$(DERIVED_FILE_DIR)/Pods-MusicPlayerSample-ProgrammersTests-checkManifestLockResult.txt",
			);
			runOnlyForDeploymentPostprocessing = 0;
			shellPath = /bin/sh;
			shellScript = "diff \"${PODS_PODFILE_DIR_PATH}/Podfile.lock\" \"${PODS_ROOT}/Manifest.lock\" > /dev/null\nif [ $? != 0 ] ; then\n    # print error to STDERR\n    echo \"error: The sandbox is not in sync with the Podfile.lock. Run 'pod install' or update your CocoaPods installation.\" >&2\n    exit 1\nfi\n# This output is used by Xcode 'outputs' to avoid re-running this script phase.\necho \"SUCCESS\" > \"${SCRIPT_OUTPUT_FILE_0}\"\n";
			showEnvVarsInLog = 0;
		};
		5FF8E270882D60486D27D803 /* [CP] Embed Pods Frameworks */ = {
			isa = PBXShellScriptBuildPhase;
			buildActionMask = 2147483647;
			files = (
			);
			inputFileListPaths = (
				"${PODS_ROOT}/Target Support Files/Pods-MusicPlayerSample-Programmers/Pods-MusicPlayerSample-Programmers-frameworks-${CONFIGURATION}-input-files.xcfilelist",
			);
			name = "[CP] Embed Pods Frameworks";
			outputFileListPaths = (
				"${PODS_ROOT}/Target Support Files/Pods-MusicPlayerSample-Programmers/Pods-MusicPlayerSample-Programmers-frameworks-${CONFIGURATION}-output-files.xcfilelist",
			);
			runOnlyForDeploymentPostprocessing = 0;
			shellPath = /bin/sh;
			shellScript = "\"${PODS_ROOT}/Target Support Files/Pods-MusicPlayerSample-Programmers/Pods-MusicPlayerSample-Programmers-frameworks.sh\"\n";
			showEnvVarsInLog = 0;
		};
		F0EDCE70DF3B61E2F2ADB718 /* [CP] Embed Pods Frameworks */ = {
			isa = PBXShellScriptBuildPhase;
			buildActionMask = 2147483647;
			files = (
			);
			inputFileListPaths = (
				"${PODS_ROOT}/Target Support Files/Pods-MusicPlayerSample-Programmers-MusicPlayerSample-ProgrammersUITests/Pods-MusicPlayerSample-Programmers-MusicPlayerSample-ProgrammersUITests-frameworks-${CONFIGURATION}-input-files.xcfilelist",
			);
			name = "[CP] Embed Pods Frameworks";
			outputFileListPaths = (
				"${PODS_ROOT}/Target Support Files/Pods-MusicPlayerSample-Programmers-MusicPlayerSample-ProgrammersUITests/Pods-MusicPlayerSample-Programmers-MusicPlayerSample-ProgrammersUITests-frameworks-${CONFIGURATION}-output-files.xcfilelist",
			);
			runOnlyForDeploymentPostprocessing = 0;
			shellPath = /bin/sh;
			shellScript = "\"${PODS_ROOT}/Target Support Files/Pods-MusicPlayerSample-Programmers-MusicPlayerSample-ProgrammersUITests/Pods-MusicPlayerSample-Programmers-MusicPlayerSample-ProgrammersUITests-frameworks.sh\"\n";
			showEnvVarsInLog = 0;
		};
		F9CE131E85AFBA5CA9D6686D /* [CP] Check Pods Manifest.lock */ = {
			isa = PBXShellScriptBuildPhase;
			buildActionMask = 2147483647;
			files = (
			);
			inputFileListPaths = (
			);
			inputPaths = (
				"${PODS_PODFILE_DIR_PATH}/Podfile.lock",
				"${PODS_ROOT}/Manifest.lock",
			);
			name = "[CP] Check Pods Manifest.lock";
			outputFileListPaths = (
			);
			outputPaths = (
				"$(DERIVED_FILE_DIR)/Pods-MusicPlayerSample-Programmers-checkManifestLockResult.txt",
			);
			runOnlyForDeploymentPostprocessing = 0;
			shellPath = /bin/sh;
			shellScript = "diff \"${PODS_PODFILE_DIR_PATH}/Podfile.lock\" \"${PODS_ROOT}/Manifest.lock\" > /dev/null\nif [ $? != 0 ] ; then\n    # print error to STDERR\n    echo \"error: The sandbox is not in sync with the Podfile.lock. Run 'pod install' or update your CocoaPods installation.\" >&2\n    exit 1\nfi\n# This output is used by Xcode 'outputs' to avoid re-running this script phase.\necho \"SUCCESS\" > \"${SCRIPT_OUTPUT_FILE_0}\"\n";
			showEnvVarsInLog = 0;
		};
/* End PBXShellScriptBuildPhase section */

/* Begin PBXSourcesBuildPhase section */
		E87CB3DF286DAA3A0009311F /* Sources */ = {
			isa = PBXSourcesBuildPhase;
			buildActionMask = 2147483647;
			files = (
				E86111532871920E005A088B /* MusicRepository.swift in Sources */,
				E8523F942872C88D0018F653 /* Music.swift in Sources */,
				E8FB3B4B287031AE002F195D /* MusicPlayerViewModel.swift in Sources */,
				E820B2E8286DF2650071F7AC /* MusicPlayerCoordinator.swift in Sources */,
				E8FB3B4E28707E8A002F195D /* SplashViewModel.swift in Sources */,
				E820B2DE286DB0780071F7AC /* Coordinator.swift in Sources */,
				E87CB3EB286DAA3A0009311F /* MusicPlayerViewController.swift in Sources */,
				E86DC4102877071C0016DCE4 /* LyricsTableViewController.swift in Sources */,
				E87EE502287C3951000120B5 /* MusicResponseDTO.swift in Sources */,
				E87CB3E7286DAA3A0009311F /* AppDelegate.swift in Sources */,
				E87CB3E9286DAA3A0009311F /* SceneDelegate.swift in Sources */,
				E87EE500287C34B5000120B5 /* NetworkService.swift in Sources */,
				E820B2D9286DB03E0071F7AC /* SplashCoordinator.swift in Sources */,
				E86DC4132877092F0016DCE4 /* LyricsTableViewCell.swift in Sources */,
				E861115528719235005A088B /* DefaultMusicRepository.swift in Sources */,
				E820B2D1286DAF4E0071F7AC /* SplashViewController.swift in Sources */,
				E820B2DB286DB0520071F7AC /* AppCoordinator.swift in Sources */,
			);
			runOnlyForDeploymentPostprocessing = 0;
		};
		E87CB3F5286DAA3C0009311F /* Sources */ = {
			isa = PBXSourcesBuildPhase;
			buildActionMask = 2147483647;
			files = (
				E811F121287D429C0058856D /* ConvertDTOTests.swift in Sources */,
			);
			runOnlyForDeploymentPostprocessing = 0;
		};
		E87CB3FF286DAA3C0009311F /* Sources */ = {
			isa = PBXSourcesBuildPhase;
			buildActionMask = 2147483647;
			files = (
				E87CB408286DAA3C0009311F /* MusicPlayerSample_ProgrammersUITests.swift in Sources */,
				E87CB40A286DAA3C0009311F /* MusicPlayerSample_ProgrammersUITestsLaunchTests.swift in Sources */,
			);
			runOnlyForDeploymentPostprocessing = 0;
		};
/* End PBXSourcesBuildPhase section */

/* Begin PBXTargetDependency section */
		E87CB3FB286DAA3C0009311F /* PBXTargetDependency */ = {
			isa = PBXTargetDependency;
			target = E87CB3E2286DAA3A0009311F /* MusicPlayerSample-Programmers */;
			targetProxy = E87CB3FA286DAA3C0009311F /* PBXContainerItemProxy */;
		};
		E87CB405286DAA3C0009311F /* PBXTargetDependency */ = {
			isa = PBXTargetDependency;
			target = E87CB3E2286DAA3A0009311F /* MusicPlayerSample-Programmers */;
			targetProxy = E87CB404286DAA3C0009311F /* PBXContainerItemProxy */;
		};
/* End PBXTargetDependency section */

/* Begin XCBuildConfiguration section */
		E87CB40B286DAA3C0009311F /* Debug */ = {
			isa = XCBuildConfiguration;
			buildSettings = {
				ALWAYS_SEARCH_USER_PATHS = NO;
				CLANG_ANALYZER_NONNULL = YES;
				CLANG_ANALYZER_NUMBER_OBJECT_CONVERSION = YES_AGGRESSIVE;
				CLANG_CXX_LANGUAGE_STANDARD = "gnu++17";
				CLANG_ENABLE_MODULES = YES;
				CLANG_ENABLE_OBJC_ARC = YES;
				CLANG_ENABLE_OBJC_WEAK = YES;
				CLANG_WARN_BLOCK_CAPTURE_AUTORELEASING = YES;
				CLANG_WARN_BOOL_CONVERSION = YES;
				CLANG_WARN_COMMA = YES;
				CLANG_WARN_CONSTANT_CONVERSION = YES;
				CLANG_WARN_DEPRECATED_OBJC_IMPLEMENTATIONS = YES;
				CLANG_WARN_DIRECT_OBJC_ISA_USAGE = YES_ERROR;
				CLANG_WARN_DOCUMENTATION_COMMENTS = YES;
				CLANG_WARN_EMPTY_BODY = YES;
				CLANG_WARN_ENUM_CONVERSION = YES;
				CLANG_WARN_INFINITE_RECURSION = YES;
				CLANG_WARN_INT_CONVERSION = YES;
				CLANG_WARN_NON_LITERAL_NULL_CONVERSION = YES;
				CLANG_WARN_OBJC_IMPLICIT_RETAIN_SELF = YES;
				CLANG_WARN_OBJC_LITERAL_CONVERSION = YES;
				CLANG_WARN_OBJC_ROOT_CLASS = YES_ERROR;
				CLANG_WARN_QUOTED_INCLUDE_IN_FRAMEWORK_HEADER = YES;
				CLANG_WARN_RANGE_LOOP_ANALYSIS = YES;
				CLANG_WARN_STRICT_PROTOTYPES = YES;
				CLANG_WARN_SUSPICIOUS_MOVE = YES;
				CLANG_WARN_UNGUARDED_AVAILABILITY = YES_AGGRESSIVE;
				CLANG_WARN_UNREACHABLE_CODE = YES;
				CLANG_WARN__DUPLICATE_METHOD_MATCH = YES;
				COPY_PHASE_STRIP = NO;
				DEBUG_INFORMATION_FORMAT = dwarf;
				ENABLE_STRICT_OBJC_MSGSEND = YES;
				ENABLE_TESTABILITY = YES;
				GCC_C_LANGUAGE_STANDARD = gnu11;
				GCC_DYNAMIC_NO_PIC = NO;
				GCC_NO_COMMON_BLOCKS = YES;
				GCC_OPTIMIZATION_LEVEL = 0;
				GCC_PREPROCESSOR_DEFINITIONS = (
					"DEBUG=1",
					"$(inherited)",
				);
				GCC_WARN_64_TO_32_BIT_CONVERSION = YES;
				GCC_WARN_ABOUT_RETURN_TYPE = YES_ERROR;
				GCC_WARN_UNDECLARED_SELECTOR = YES;
				GCC_WARN_UNINITIALIZED_AUTOS = YES_AGGRESSIVE;
				GCC_WARN_UNUSED_FUNCTION = YES;
				GCC_WARN_UNUSED_VARIABLE = YES;
				IPHONEOS_DEPLOYMENT_TARGET = 15.0;
				MTL_ENABLE_DEBUG_INFO = INCLUDE_SOURCE;
				MTL_FAST_MATH = YES;
				ONLY_ACTIVE_ARCH = YES;
				SDKROOT = iphoneos;
				SWIFT_ACTIVE_COMPILATION_CONDITIONS = DEBUG;
				SWIFT_OPTIMIZATION_LEVEL = "-Onone";
			};
			name = Debug;
		};
		E87CB40C286DAA3C0009311F /* Release */ = {
			isa = XCBuildConfiguration;
			buildSettings = {
				ALWAYS_SEARCH_USER_PATHS = NO;
				CLANG_ANALYZER_NONNULL = YES;
				CLANG_ANALYZER_NUMBER_OBJECT_CONVERSION = YES_AGGRESSIVE;
				CLANG_CXX_LANGUAGE_STANDARD = "gnu++17";
				CLANG_ENABLE_MODULES = YES;
				CLANG_ENABLE_OBJC_ARC = YES;
				CLANG_ENABLE_OBJC_WEAK = YES;
				CLANG_WARN_BLOCK_CAPTURE_AUTORELEASING = YES;
				CLANG_WARN_BOOL_CONVERSION = YES;
				CLANG_WARN_COMMA = YES;
				CLANG_WARN_CONSTANT_CONVERSION = YES;
				CLANG_WARN_DEPRECATED_OBJC_IMPLEMENTATIONS = YES;
				CLANG_WARN_DIRECT_OBJC_ISA_USAGE = YES_ERROR;
				CLANG_WARN_DOCUMENTATION_COMMENTS = YES;
				CLANG_WARN_EMPTY_BODY = YES;
				CLANG_WARN_ENUM_CONVERSION = YES;
				CLANG_WARN_INFINITE_RECURSION = YES;
				CLANG_WARN_INT_CONVERSION = YES;
				CLANG_WARN_NON_LITERAL_NULL_CONVERSION = YES;
				CLANG_WARN_OBJC_IMPLICIT_RETAIN_SELF = YES;
				CLANG_WARN_OBJC_LITERAL_CONVERSION = YES;
				CLANG_WARN_OBJC_ROOT_CLASS = YES_ERROR;
				CLANG_WARN_QUOTED_INCLUDE_IN_FRAMEWORK_HEADER = YES;
				CLANG_WARN_RANGE_LOOP_ANALYSIS = YES;
				CLANG_WARN_STRICT_PROTOTYPES = YES;
				CLANG_WARN_SUSPICIOUS_MOVE = YES;
				CLANG_WARN_UNGUARDED_AVAILABILITY = YES_AGGRESSIVE;
				CLANG_WARN_UNREACHABLE_CODE = YES;
				CLANG_WARN__DUPLICATE_METHOD_MATCH = YES;
				COPY_PHASE_STRIP = NO;
				DEBUG_INFORMATION_FORMAT = "dwarf-with-dsym";
				ENABLE_NS_ASSERTIONS = NO;
				ENABLE_STRICT_OBJC_MSGSEND = YES;
				GCC_C_LANGUAGE_STANDARD = gnu11;
				GCC_NO_COMMON_BLOCKS = YES;
				GCC_WARN_64_TO_32_BIT_CONVERSION = YES;
				GCC_WARN_ABOUT_RETURN_TYPE = YES_ERROR;
				GCC_WARN_UNDECLARED_SELECTOR = YES;
				GCC_WARN_UNINITIALIZED_AUTOS = YES_AGGRESSIVE;
				GCC_WARN_UNUSED_FUNCTION = YES;
				GCC_WARN_UNUSED_VARIABLE = YES;
				IPHONEOS_DEPLOYMENT_TARGET = 15.0;
				MTL_ENABLE_DEBUG_INFO = NO;
				MTL_FAST_MATH = YES;
				SDKROOT = iphoneos;
				SWIFT_COMPILATION_MODE = wholemodule;
				SWIFT_OPTIMIZATION_LEVEL = "-O";
				VALIDATE_PRODUCT = YES;
			};
			name = Release;
		};
		E87CB40E286DAA3C0009311F /* Debug */ = {
			isa = XCBuildConfiguration;
			baseConfigurationReference = 89127DEE93EB86826EEDD4AD /* Pods-MusicPlayerSample-Programmers.debug.xcconfig */;
			buildSettings = {
				ASSETCATALOG_COMPILER_APPICON_NAME = AppIcon;
				ASSETCATALOG_COMPILER_GLOBAL_ACCENT_COLOR_NAME = AccentColor;
				CODE_SIGN_STYLE = Automatic;
				CURRENT_PROJECT_VERSION = 1;
				DEVELOPMENT_TEAM = 2AVC8X7323;
				GENERATE_INFOPLIST_FILE = YES;
				INFOPLIST_FILE = "MusicPlayerSample-Programmers/Resources/Info.plist";
				INFOPLIST_KEY_UIApplicationSupportsIndirectInputEvents = YES;
				INFOPLIST_KEY_UILaunchStoryboardName = LaunchScreen;
				INFOPLIST_KEY_UISupportedInterfaceOrientations = UIInterfaceOrientationPortrait;
				INFOPLIST_KEY_UISupportedInterfaceOrientations_iPad = "UIInterfaceOrientationPortrait UIInterfaceOrientationPortraitUpsideDown UIInterfaceOrientationLandscapeLeft UIInterfaceOrientationLandscapeRight";
				INFOPLIST_KEY_UISupportedInterfaceOrientations_iPhone = "UIInterfaceOrientationPortrait UIInterfaceOrientationLandscapeLeft UIInterfaceOrientationLandscapeRight";
				LD_RUNPATH_SEARCH_PATHS = (
					"$(inherited)",
					"@executable_path/Frameworks",
				);
				MARKETING_VERSION = 1.0;
				PRODUCT_BUNDLE_IDENTIFIER = "woin2ee.MusicPlayerSample-Programmers";
				PRODUCT_NAME = "$(TARGET_NAME)";
				SWIFT_EMIT_LOC_STRINGS = YES;
				SWIFT_VERSION = 5.0;
				TARGETED_DEVICE_FAMILY = 1;
			};
			name = Debug;
		};
		E87CB40F286DAA3C0009311F /* Release */ = {
			isa = XCBuildConfiguration;
			baseConfigurationReference = 10E886E2F18CFE439F5A0A46 /* Pods-MusicPlayerSample-Programmers.release.xcconfig */;
			buildSettings = {
				ASSETCATALOG_COMPILER_APPICON_NAME = AppIcon;
				ASSETCATALOG_COMPILER_GLOBAL_ACCENT_COLOR_NAME = AccentColor;
				CODE_SIGN_STYLE = Automatic;
				CURRENT_PROJECT_VERSION = 1;
				DEVELOPMENT_TEAM = 2AVC8X7323;
				GENERATE_INFOPLIST_FILE = YES;
				INFOPLIST_FILE = "MusicPlayerSample-Programmers/Resources/Info.plist";
				INFOPLIST_KEY_UIApplicationSupportsIndirectInputEvents = YES;
				INFOPLIST_KEY_UILaunchStoryboardName = LaunchScreen;
				INFOPLIST_KEY_UISupportedInterfaceOrientations = UIInterfaceOrientationPortrait;
				INFOPLIST_KEY_UISupportedInterfaceOrientations_iPad = "UIInterfaceOrientationPortrait UIInterfaceOrientationPortraitUpsideDown UIInterfaceOrientationLandscapeLeft UIInterfaceOrientationLandscapeRight";
				INFOPLIST_KEY_UISupportedInterfaceOrientations_iPhone = "UIInterfaceOrientationPortrait UIInterfaceOrientationLandscapeLeft UIInterfaceOrientationLandscapeRight";
				LD_RUNPATH_SEARCH_PATHS = (
					"$(inherited)",
					"@executable_path/Frameworks",
				);
				MARKETING_VERSION = 1.0;
				PRODUCT_BUNDLE_IDENTIFIER = "woin2ee.MusicPlayerSample-Programmers";
				PRODUCT_NAME = "$(TARGET_NAME)";
				SWIFT_EMIT_LOC_STRINGS = YES;
				SWIFT_VERSION = 5.0;
				TARGETED_DEVICE_FAMILY = 1;
			};
			name = Release;
		};
		E87CB411286DAA3C0009311F /* Debug */ = {
			isa = XCBuildConfiguration;
			baseConfigurationReference = EAC817E796BD927E5D446251 /* Pods-MusicPlayerSample-ProgrammersTests.debug.xcconfig */;
			buildSettings = {
				ALWAYS_EMBED_SWIFT_STANDARD_LIBRARIES = YES;
				BUNDLE_LOADER = "$(TEST_HOST)";
				CODE_SIGN_STYLE = Automatic;
				CURRENT_PROJECT_VERSION = 1;
				DEVELOPMENT_TEAM = 2AVC8X7323;
				GENERATE_INFOPLIST_FILE = YES;
				IPHONEOS_DEPLOYMENT_TARGET = 15.4;
				MARKETING_VERSION = 1.0;
				PRODUCT_BUNDLE_IDENTIFIER = "woin2ee.MusicPlayerSample-ProgrammersTests";
				PRODUCT_NAME = "$(TARGET_NAME)";
				SWIFT_EMIT_LOC_STRINGS = NO;
				SWIFT_VERSION = 5.0;
				TARGETED_DEVICE_FAMILY = "1,2";
				TEST_HOST = "$(BUILT_PRODUCTS_DIR)/MusicPlayerSample-Programmers.app/MusicPlayerSample-Programmers";
			};
			name = Debug;
		};
		E87CB412286DAA3C0009311F /* Release */ = {
			isa = XCBuildConfiguration;
			baseConfigurationReference = 57712CDB94A3123BEB9F87EB /* Pods-MusicPlayerSample-ProgrammersTests.release.xcconfig */;
			buildSettings = {
				ALWAYS_EMBED_SWIFT_STANDARD_LIBRARIES = YES;
				BUNDLE_LOADER = "$(TEST_HOST)";
				CODE_SIGN_STYLE = Automatic;
				CURRENT_PROJECT_VERSION = 1;
				DEVELOPMENT_TEAM = 2AVC8X7323;
				GENERATE_INFOPLIST_FILE = YES;
				IPHONEOS_DEPLOYMENT_TARGET = 15.4;
				MARKETING_VERSION = 1.0;
				PRODUCT_BUNDLE_IDENTIFIER = "woin2ee.MusicPlayerSample-ProgrammersTests";
				PRODUCT_NAME = "$(TARGET_NAME)";
				SWIFT_EMIT_LOC_STRINGS = NO;
				SWIFT_VERSION = 5.0;
				TARGETED_DEVICE_FAMILY = "1,2";
				TEST_HOST = "$(BUILT_PRODUCTS_DIR)/MusicPlayerSample-Programmers.app/MusicPlayerSample-Programmers";
			};
			name = Release;
		};
		E87CB414286DAA3C0009311F /* Debug */ = {
			isa = XCBuildConfiguration;
			baseConfigurationReference = 5795067EB462D710D843502D /* Pods-MusicPlayerSample-Programmers-MusicPlayerSample-ProgrammersUITests.debug.xcconfig */;
			buildSettings = {
				ALWAYS_EMBED_SWIFT_STANDARD_LIBRARIES = YES;
				CODE_SIGN_STYLE = Automatic;
				CURRENT_PROJECT_VERSION = 1;
				DEVELOPMENT_TEAM = 2AVC8X7323;
				GENERATE_INFOPLIST_FILE = YES;
				MARKETING_VERSION = 1.0;
				PRODUCT_BUNDLE_IDENTIFIER = "woin2ee.MusicPlayerSample-ProgrammersUITests";
				PRODUCT_NAME = "$(TARGET_NAME)";
				SWIFT_EMIT_LOC_STRINGS = NO;
				SWIFT_VERSION = 5.0;
				TARGETED_DEVICE_FAMILY = "1,2";
				TEST_TARGET_NAME = "MusicPlayerSample-Programmers";
			};
			name = Debug;
		};
		E87CB415286DAA3C0009311F /* Release */ = {
			isa = XCBuildConfiguration;
			baseConfigurationReference = 430F78C91CC8FA245E3E763E /* Pods-MusicPlayerSample-Programmers-MusicPlayerSample-ProgrammersUITests.release.xcconfig */;
			buildSettings = {
				ALWAYS_EMBED_SWIFT_STANDARD_LIBRARIES = YES;
				CODE_SIGN_STYLE = Automatic;
				CURRENT_PROJECT_VERSION = 1;
				DEVELOPMENT_TEAM = 2AVC8X7323;
				GENERATE_INFOPLIST_FILE = YES;
				MARKETING_VERSION = 1.0;
				PRODUCT_BUNDLE_IDENTIFIER = "woin2ee.MusicPlayerSample-ProgrammersUITests";
				PRODUCT_NAME = "$(TARGET_NAME)";
				SWIFT_EMIT_LOC_STRINGS = NO;
				SWIFT_VERSION = 5.0;
				TARGETED_DEVICE_FAMILY = "1,2";
				TEST_TARGET_NAME = "MusicPlayerSample-Programmers";
			};
			name = Release;
		};
/* End XCBuildConfiguration section */

/* Begin XCConfigurationList section */
		E87CB3DE286DAA3A0009311F /* Build configuration list for PBXProject "MusicPlayerSample-Programmers" */ = {
			isa = XCConfigurationList;
			buildConfigurations = (
				E87CB40B286DAA3C0009311F /* Debug */,
				E87CB40C286DAA3C0009311F /* Release */,
			);
			defaultConfigurationIsVisible = 0;
			defaultConfigurationName = Release;
		};
		E87CB40D286DAA3C0009311F /* Build configuration list for PBXNativeTarget "MusicPlayerSample-Programmers" */ = {
			isa = XCConfigurationList;
			buildConfigurations = (
				E87CB40E286DAA3C0009311F /* Debug */,
				E87CB40F286DAA3C0009311F /* Release */,
			);
			defaultConfigurationIsVisible = 0;
			defaultConfigurationName = Release;
		};
		E87CB410286DAA3C0009311F /* Build configuration list for PBXNativeTarget "MusicPlayerSample-ProgrammersTests" */ = {
			isa = XCConfigurationList;
			buildConfigurations = (
				E87CB411286DAA3C0009311F /* Debug */,
				E87CB412286DAA3C0009311F /* Release */,
			);
			defaultConfigurationIsVisible = 0;
			defaultConfigurationName = Release;
		};
		E87CB413286DAA3C0009311F /* Build configuration list for PBXNativeTarget "MusicPlayerSample-ProgrammersUITests" */ = {
			isa = XCConfigurationList;
			buildConfigurations = (
				E87CB414286DAA3C0009311F /* Debug */,
				E87CB415286DAA3C0009311F /* Release */,
			);
			defaultConfigurationIsVisible = 0;
			defaultConfigurationName = Release;
		};
/* End XCConfigurationList section */
	};
	rootObject = E87CB3DB286DAA3A0009311F /* Project object */;
}
